
Microsoft Visual Studio Solution File, Format Version 12.00
# Visual Studio 2012
Project("{FAE04EC0-301F-11D3-BF4B-00C04F79EFBC}") = "FactionRPG.API", "FactionRPG.API\FactionRPG.API.csproj", "{907D4980-0EE7-43BE-B09A-F3544EB4D907}"
EndProject
Project("{FAE04EC0-301F-11D3-BF4B-00C04F79EFBC}") = "FactionRPG.API.Tests", "FactionRPG.API.Tests\FactionRPG.API.Tests.csproj", "{FE6092D9-2CE1-46CC-88F5-56B4D5170BCB}"
EndProject
Global
	GlobalSection(SolutionConfigurationPlatforms) = preSolution
		Debug|Any CPU = Debug|Any CPU
		Release|Any CPU = Release|Any CPU
	EndGlobalSection
	GlobalSection(ProjectConfigurationPlatforms) = postSolution
		{907D4980-0EE7-43BE-B09A-F3544EB4D907}.Debug|Any CPU.ActiveCfg = Debug|Any CPU
		{907D4980-0EE7-43BE-B09A-F3544EB4D907}.Debug|Any CPU.Build.0 = Debug|Any CPU
		{907D4980-0EE7-43BE-B09A-F3544EB4D907}.Release|Any CPU.ActiveCfg = Release|Any CPU
		{907D4980-0EE7-43BE-B09A-F3544EB4D907}.Release|Any CPU.Build.0 = Release|Any CPU
		{FE6092D9-2CE1-46CC-88F5-56B4D5170BCB}.Debug|Any CPU.ActiveCfg = Debug|Any CPU
		{FE6092D9-2CE1-46CC-88F5-56B4D5170BCB}.Debug|Any CPU.Build.0 = Debug|Any CPU
		{FE6092D9-2CE1-46CC-88F5-56B4D5170BCB}.Release|Any CPU.ActiveCfg = Release|Any CPU
		{FE6092D9-2CE1-46CC-88F5-56B4D5170BCB}.Release|Any CPU.Build.0 = Release|Any CPU
	EndGlobalSection
	GlobalSection(SolutionProperties) = preSolution
		HideSolutionNode = FALSE
	EndGlobalSection
EndGlobal
